
Microsoft Visual Studio Solution File, Format Version 12.00
# Visual Studio Version 17
VisualStudioVersion = 17.0.31903.59
MinimumVisualStudioVersion = 10.0.40219.1
Project("{9A19103F-16F7-4668-BE54-9A1E7A4F7556}") = "RabbitmqBackgroundWorkerPoc.Worker", "RabbitmqBackgroundWorkerPoc.Worker\RabbitmqBackgroundWorkerPoc.Worker.csproj", "{3F449286-7841-4578-BA05-9FCF7552C4FF}"
EndProject
Project("{9A19103F-16F7-4668-BE54-9A1E7A4F7556}") = "RabbitmqBackgroundWorkerPoc.Processor", "RabbitmqBackgroundWorkerPoc.Processor\RabbitmqBackgroundWorkerPoc.Processor.csproj", "{FAAF0914-64E7-473A-80E7-37636BB29AD5}"
EndProject
Project("{9A19103F-16F7-4668-BE54-9A1E7A4F7556}") = "RabbitmqBackgroundWorkerPoc.Tests", "RabbitmqBackgroundWorkerPoc.Tests\RabbitmqBackgroundWorkerPoc.Tests.csproj", "{9E125EDE-652D-4C4A-A1C4-1D1F60972174}"
EndProject
Project("{9A19103F-16F7-4668-BE54-9A1E7A4F7556}") = "RabbitmqBackgroundWorkerPoc.Messaging", "RabbitmqBackgroundWorkerPoc.Messaging\RabbitmqBackgroundWorkerPoc.Messaging.csproj", "{68AFA361-769B-4809-8966-0278961856EC}"
EndProject
Project("{FAE04EC0-301F-11D3-BF4B-00C04F79EFBC}") = "RabbitmqBackgroundWorkerPoc.Api", "RabbitmqBackgroundWorkerPoc.Api\RabbitmqBackgroundWorkerPoc.Api.csproj", "{86E8D577-CEBC-470F-8E30-76EC806B7C44}"
EndProject
Global
	GlobalSection(SolutionConfigurationPlatforms) = preSolution
		Debug|Any CPU = Debug|Any CPU
		Release|Any CPU = Release|Any CPU
	EndGlobalSection
	GlobalSection(ProjectConfigurationPlatforms) = postSolution
		{3F449286-7841-4578-BA05-9FCF7552C4FF}.Debug|Any CPU.ActiveCfg = Debug|Any CPU
		{3F449286-7841-4578-BA05-9FCF7552C4FF}.Debug|Any CPU.Build.0 = Debug|Any CPU
		{3F449286-7841-4578-BA05-9FCF7552C4FF}.Release|Any CPU.ActiveCfg = Release|Any CPU
		{3F449286-7841-4578-BA05-9FCF7552C4FF}.Release|Any CPU.Build.0 = Release|Any CPU
		{FAAF0914-64E7-473A-80E7-37636BB29AD5}.Debug|Any CPU.ActiveCfg = Debug|Any CPU
		{FAAF0914-64E7-473A-80E7-37636BB29AD5}.Debug|Any CPU.Build.0 = Debug|Any CPU
		{FAAF0914-64E7-473A-80E7-37636BB29AD5}.Release|Any CPU.ActiveCfg = Release|Any CPU
		{FAAF0914-64E7-473A-80E7-37636BB29AD5}.Release|Any CPU.Build.0 = Release|Any CPU
		{9E125EDE-652D-4C4A-A1C4-1D1F60972174}.Debug|Any CPU.ActiveCfg = Debug|Any CPU
		{9E125EDE-652D-4C4A-A1C4-1D1F60972174}.Debug|Any CPU.Build.0 = Debug|Any CPU
		{9E125EDE-652D-4C4A-A1C4-1D1F60972174}.Release|Any CPU.ActiveCfg = Release|Any CPU
		{9E125EDE-652D-4C4A-A1C4-1D1F60972174}.Release|Any CPU.Build.0 = Release|Any CPU
		{68AFA361-769B-4809-8966-0278961856EC}.Debug|Any CPU.ActiveCfg = Debug|Any CPU
		{68AFA361-769B-4809-8966-0278961856EC}.Debug|Any CPU.Build.0 = Debug|Any CPU
		{68AFA361-769B-4809-8966-0278961856EC}.Release|Any CPU.ActiveCfg = Release|Any CPU
		{68AFA361-769B-4809-8966-0278961856EC}.Release|Any CPU.Build.0 = Release|Any CPU
		{86E8D577-CEBC-470F-8E30-76EC806B7C44}.Debug|Any CPU.ActiveCfg = Debug|Any CPU
		{86E8D577-CEBC-470F-8E30-76EC806B7C44}.Debug|Any CPU.Build.0 = Debug|Any CPU
		{86E8D577-CEBC-470F-8E30-76EC806B7C44}.Release|Any CPU.ActiveCfg = Release|Any CPU
		{86E8D577-CEBC-470F-8E30-76EC806B7C44}.Release|Any CPU.Build.0 = Release|Any CPU
	EndGlobalSection
	GlobalSection(SolutionProperties) = preSolution
		HideSolutionNode = FALSE
	EndGlobalSection
	GlobalSection(ExtensibilityGlobals) = postSolution
		SolutionGuid = {212D9A83-B2D0-468A-8474-B0C53A0A33C6}
	EndGlobalSection
EndGlobal
